
Microsoft Visual Studio Solution File, Format Version 12.00
# Visual Studio Version 17
VisualStudioVersion = 17.12.35707.178
MinimumVisualStudioVersion = 10.0.40219.1
Project("{2150E333-8FDC-42A3-9474-1A3956D46DE8}") = "Lesson_02", "Lesson_02", "{BABD5FD4-1DDD-46D0-8853-D61615E42289}"
EndProject
Project("{FAE04EC0-301F-11D3-BF4B-00C04F79EFBC}") = "Task_02_01", "Task_02_01\Task_02_01.csproj", "{9C4BD258-4D70-4581-BE21-8F506860201E}"
EndProject
Project("{2150E333-8FDC-42A3-9474-1A3956D46DE8}") = "Lesson_03", "Lesson_03", "{02094A5B-F9B4-49C6-B831-1E833EF89F03}"
EndProject
Project("{FAE04EC0-301F-11D3-BF4B-00C04F79EFBC}") = "Task_03_04", "Task_03_04\Task_03_04.csproj", "{BB480A5C-F2D8-46CC-A656-72F1D4C103D8}"
EndProject
Project("{FAE04EC0-301F-11D3-BF4B-00C04F79EFBC}") = "Task_03_05", "Task_03_05\Task_03_05.csproj", "{C06FA9F7-05A0-48D9-99F5-946ACD89B09F}"
EndProject
Project("{FAE04EC0-301F-11D3-BF4B-00C04F79EFBC}") = "Task_03_06", "Task_03_06\Task_03_06.csproj", "{A3BCE2FF-1089-44D9-8B88-F791AADE7CAB}"
EndProject
Project("{FAE04EC0-301F-11D3-BF4B-00C04F79EFBC}") = "Task_03_07", "Task_03_07\Task_03_07.csproj", "{9BFC98E8-8771-4C57-92D5-E64EEA444D86}"
EndProject
Project("{FAE04EC0-301F-11D3-BF4B-00C04F79EFBC}") = "Task_03_08", "Task_03_08\Task_03_08.csproj", "{A3B5DDB9-30D6-4F6F-AB1A-1C6A571E9418}"
EndProject
Project("{FAE04EC0-301F-11D3-BF4B-00C04F79EFBC}") = "Task_03_09", "Task_03_09\Task_03_09.csproj", "{0BE41674-9616-4846-8C4C-1C54925C2998}"
EndProject
Global
	GlobalSection(SolutionConfigurationPlatforms) = preSolution
		Debug|Any CPU = Debug|Any CPU
		Release|Any CPU = Release|Any CPU
	EndGlobalSection
	GlobalSection(ProjectConfigurationPlatforms) = postSolution
		{9C4BD258-4D70-4581-BE21-8F506860201E}.Debug|Any CPU.ActiveCfg = Debug|Any CPU
		{9C4BD258-4D70-4581-BE21-8F506860201E}.Debug|Any CPU.Build.0 = Debug|Any CPU
		{9C4BD258-4D70-4581-BE21-8F506860201E}.Release|Any CPU.ActiveCfg = Release|Any CPU
		{9C4BD258-4D70-4581-BE21-8F506860201E}.Release|Any CPU.Build.0 = Release|Any CPU
		{BB480A5C-F2D8-46CC-A656-72F1D4C103D8}.Debug|Any CPU.ActiveCfg = Debug|Any CPU
		{BB480A5C-F2D8-46CC-A656-72F1D4C103D8}.Debug|Any CPU.Build.0 = Debug|Any CPU
		{BB480A5C-F2D8-46CC-A656-72F1D4C103D8}.Release|Any CPU.ActiveCfg = Release|Any CPU
		{BB480A5C-F2D8-46CC-A656-72F1D4C103D8}.Release|Any CPU.Build.0 = Release|Any CPU
		{C06FA9F7-05A0-48D9-99F5-946ACD89B09F}.Debug|Any CPU.ActiveCfg = Debug|Any CPU
		{C06FA9F7-05A0-48D9-99F5-946ACD89B09F}.Debug|Any CPU.Build.0 = Debug|Any CPU
		{C06FA9F7-05A0-48D9-99F5-946ACD89B09F}.Release|Any CPU.ActiveCfg = Release|Any CPU
		{C06FA9F7-05A0-48D9-99F5-946ACD89B09F}.Release|Any CPU.Build.0 = Release|Any CPU
		{A3BCE2FF-1089-44D9-8B88-F791AADE7CAB}.Debug|Any CPU.ActiveCfg = Debug|Any CPU
		{A3BCE2FF-1089-44D9-8B88-F791AADE7CAB}.Debug|Any CPU.Build.0 = Debug|Any CPU
		{A3BCE2FF-1089-44D9-8B88-F791AADE7CAB}.Release|Any CPU.ActiveCfg = Release|Any CPU
		{A3BCE2FF-1089-44D9-8B88-F791AADE7CAB}.Release|Any CPU.Build.0 = Release|Any CPU
		{9BFC98E8-8771-4C57-92D5-E64EEA444D86}.Debug|Any CPU.ActiveCfg = Debug|Any CPU
		{9BFC98E8-8771-4C57-92D5-E64EEA444D86}.Debug|Any CPU.Build.0 = Debug|Any CPU
		{9BFC98E8-8771-4C57-92D5-E64EEA444D86}.Release|Any CPU.ActiveCfg = Release|Any CPU
		{9BFC98E8-8771-4C57-92D5-E64EEA444D86}.Release|Any CPU.Build.0 = Release|Any CPU
		{A3B5DDB9-30D6-4F6F-AB1A-1C6A571E9418}.Debug|Any CPU.ActiveCfg = Debug|Any CPU
		{A3B5DDB9-30D6-4F6F-AB1A-1C6A571E9418}.Debug|Any CPU.Build.0 = Debug|Any CPU
		{A3B5DDB9-30D6-4F6F-AB1A-1C6A571E9418}.Release|Any CPU.ActiveCfg = Release|Any CPU
		{A3B5DDB9-30D6-4F6F-AB1A-1C6A571E9418}.Release|Any CPU.Build.0 = Release|Any CPU
		{0BE41674-9616-4846-8C4C-1C54925C2998}.Debug|Any CPU.ActiveCfg = Debug|Any CPU
		{0BE41674-9616-4846-8C4C-1C54925C2998}.Debug|Any CPU.Build.0 = Debug|Any CPU
		{0BE41674-9616-4846-8C4C-1C54925C2998}.Release|Any CPU.ActiveCfg = Release|Any CPU
		{0BE41674-9616-4846-8C4C-1C54925C2998}.Release|Any CPU.Build.0 = Release|Any CPU
	EndGlobalSection
	GlobalSection(SolutionProperties) = preSolution
		HideSolutionNode = FALSE
	EndGlobalSection
	GlobalSection(NestedProjects) = preSolution
		{9C4BD258-4D70-4581-BE21-8F506860201E} = {BABD5FD4-1DDD-46D0-8853-D61615E42289}
		{BB480A5C-F2D8-46CC-A656-72F1D4C103D8} = {02094A5B-F9B4-49C6-B831-1E833EF89F03}
		{C06FA9F7-05A0-48D9-99F5-946ACD89B09F} = {02094A5B-F9B4-49C6-B831-1E833EF89F03}
		{A3BCE2FF-1089-44D9-8B88-F791AADE7CAB} = {02094A5B-F9B4-49C6-B831-1E833EF89F03}
		{9BFC98E8-8771-4C57-92D5-E64EEA444D86} = {02094A5B-F9B4-49C6-B831-1E833EF89F03}
		{A3B5DDB9-30D6-4F6F-AB1A-1C6A571E9418} = {02094A5B-F9B4-49C6-B831-1E833EF89F03}
		{0BE41674-9616-4846-8C4C-1C54925C2998} = {02094A5B-F9B4-49C6-B831-1E833EF89F03}
	EndGlobalSection
EndGlobal
